{
  "name": "framework-test-matrix-apps-deploy",
  "version": "1.0.0",
  "lockfileVersion": 3,
  "requires": true,
  "packages": {
    "": {
      "name": "framework-test-matrix-apps-deploy",
      "version": "1.0.0",
      "license": "ISC",
      "dependencies": {
        "@vercel/sdk": "^1.16.1"
      }
    },
    "node_modules/@vercel/sdk": {
      "version": "1.16.1",
      "resolved": "https://registry.npmjs.org/@vercel/sdk/-/sdk-1.16.1.tgz",
      "integrity": "sha512-8aAMcGpX1Y+yJ7LBPgUvGQQOTsXyHJyO1B8alh1mOo5G875in6GnUDQg7hFdig3NPWOhRHO+lt3XXdSsMqkzGQ==",
      "dependencies": {
        "zod": "^3.25.0 || ^4.0.0"
      },
      "bin": {
        "mcp": "bin/mcp-server.js"
      },
      "peerDependencies": {
        "@modelcontextprotocol/sdk": ">=1.5.0 <1.10.0"
      },
      "peerDependenciesMeta": {
        "@modelcontextprotocol/sdk": {
          "optional": true
        }
      }
    },
    "node_modules/zod": {
      "version": "4.1.12",
      "resolved": "https://registry.npmjs.org/zod/-/zod-4.1.12.tgz",
      "integrity": "sha512-JInaHOamG8pt5+Ey8kGmdcAcg3OL9reK8ltczgHTAwNhMys/6ThXHityHxVV2p3fkw/c+MAvBHFVYHFZDmjMCQ==",
      "license": "MIT",
      "funding": {
        "url": "https://github.com/sponsors/colinhacks"
      }
    }
  }
}
